{
  "R": {
    "Version": "4.0.3",
    "Repositories": [
      {
        "Name": "CRAN",
        "URL": "https://mirrors.tuna.tsinghua.edu.cn/CRAN"
      }
    ]
  },
  "Packages": {
    "renv": {
      "Package": "renv",
      "Version": "0.12.5-12",
      "Source": "GitHub",
      "RemoteType": "github",
      "RemoteHost": "api.github.com",
      "RemoteRepo": "renv",
      "RemoteUsername": "rstudio",
      "RemoteRef": "HEAD",
      "RemoteSha": "b4ef1d19d25ae6b9c4f07d916182925adc00bf76",
      "Hash": "eeb0a9cb99cb23446cc370efb10d65d8"
    }
  }
}
